
Microsoft Visual Studio Solution File, Format Version 12.00
# Visual Studio Version 17
VisualStudioVersion = 17.3.32929.385
MinimumVisualStudioVersion = 10.0.40219.1
Project("{FAE04EC0-301F-11D3-BF4B-00C04F79EFBC}") = "Courier", "Courier.csproj", "{5FFF6E86-F6B6-4E51-BB6B-C3B69D61910F}"
EndProject
Global
	GlobalSection(SolutionConfigurationPlatforms) = preSolution
		Debug|Any CPU = Debug|Any CPU
		Release|Any CPU = Release|Any CPU
	EndGlobalSection
	GlobalSection(ProjectConfigurationPlatforms) = postSolution
		{5FFF6E86-F6B6-4E51-BB6B-C3B69D61910F}.Debug|Any CPU.ActiveCfg = Debug|Any CPU
		{5FFF6E86-F6B6-4E51-BB6B-C3B69D61910F}.Debug|Any CPU.Build.0 = Debug|Any CPU
		{5FFF6E86-F6B6-4E51-BB6B-C3B69D61910F}.Release|Any CPU.ActiveCfg = Release|Any CPU
		{5FFF6E86-F6B6-4E51-BB6B-C3B69D61910F}.Release|Any CPU.Build.0 = Release|Any CPU
	EndGlobalSection
	GlobalSection(SolutionProperties) = preSolution
		HideSolutionNode = FALSE
	EndGlobalSection
	GlobalSection(ExtensibilityGlobals) = postSolution
		SolutionGuid = {E02052BF-1829-4D8F-8192-72EA1478AB23}
	EndGlobalSection
EndGlobal
